
Microsoft Visual Studio Solution File, Format Version 12.00
# Visual Studio Version 16
VisualStudioVersion = 16.0.31410.357
MinimumVisualStudioVersion = 10.0.40219.1
Project("{FAE04EC0-301F-11D3-BF4B-00C04F79EFBC}") = "cardinit5400", "cardinit5400\cardinit5400.csproj", "{EDFEA6B8-8AEA-490B-B311-FED26F9F702C}"
EndProject
Global
	GlobalSection(SolutionConfigurationPlatforms) = preSolution
		Debug|Any CPU = Debug|Any CPU
		Debug|x86 = Debug|x86
		Release|Any CPU = Release|Any CPU
		Release|x86 = Release|x86
	EndGlobalSection
	GlobalSection(ProjectConfigurationPlatforms) = postSolution
		{EDFEA6B8-8AEA-490B-B311-FED26F9F702C}.Debug|Any CPU.ActiveCfg = Debug|Any CPU
		{EDFEA6B8-8AEA-490B-B311-FED26F9F702C}.Debug|Any CPU.Build.0 = Debug|Any CPU
		{EDFEA6B8-8AEA-490B-B311-FED26F9F702C}.Debug|x86.ActiveCfg = Debug|x86
		{EDFEA6B8-8AEA-490B-B311-FED26F9F702C}.Debug|x86.Build.0 = Debug|x86
		{EDFEA6B8-8AEA-490B-B311-FED26F9F702C}.Release|Any CPU.ActiveCfg = Release|Any CPU
		{EDFEA6B8-8AEA-490B-B311-FED26F9F702C}.Release|Any CPU.Build.0 = Release|Any CPU
		{EDFEA6B8-8AEA-490B-B311-FED26F9F702C}.Release|x86.ActiveCfg = Release|x86
		{EDFEA6B8-8AEA-490B-B311-FED26F9F702C}.Release|x86.Build.0 = Release|x86
	EndGlobalSection
	GlobalSection(SolutionProperties) = preSolution
		HideSolutionNode = FALSE
	EndGlobalSection
	GlobalSection(ExtensibilityGlobals) = postSolution
		SolutionGuid = {2AA4E141-B7B0-4A77-86DD-4DCBF93D583E}
	EndGlobalSection
EndGlobal
